
Microsoft Visual Studio Solution File, Format Version 11.00
# Visual Studio 2010
Project("{FAE04EC0-301F-11D3-BF4B-00C04F79EFBC}") = "UnityEngine.TestRunner", "UnityEngine.TestRunner.csproj", "{0872b748-07e8-c7da-3aa5-11e3c138d508}"
EndProject
Project("{FAE04EC0-301F-11D3-BF4B-00C04F79EFBC}") = "UnityEngine.UI", "UnityEngine.UI.csproj", "{553a1101-e430-4a7a-d403-4ed6f3e94590}"
EndProject
Project("{FAE04EC0-301F-11D3-BF4B-00C04F79EFBC}") = "Unity.TextMeshPro", "Unity.TextMeshPro.csproj", "{69de54c8-9b60-bcdb-591b-05aae35442cc}"
EndProject
Project("{FAE04EC0-301F-11D3-BF4B-00C04F79EFBC}") = "Unity.Timeline", "Unity.Timeline.csproj", "{556f514d-358b-402e-b1df-8cc6fb78fd83}"
EndProject
Project("{FAE04EC0-301F-11D3-BF4B-00C04F79EFBC}") = "Assembly-CSharp", "Assembly-CSharp.csproj", "{0f4eeb36-4bc8-f3b6-fed2-2f57eb715b9f}"
EndProject
Project("{FAE04EC0-301F-11D3-BF4B-00C04F79EFBC}") = "UnityEditor.TestRunner", "UnityEditor.TestRunner.csproj", "{763fecea-e84c-3137-05b0-dfb2f085cbb0}"
EndProject
Project("{FAE04EC0-301F-11D3-BF4B-00C04F79EFBC}") = "Unity.VisualStudio.Editor", "Unity.VisualStudio.Editor.csproj", "{bf929645-f647-924e-3ec6-8ee7a570a1e5}"
EndProject
Project("{FAE04EC0-301F-11D3-BF4B-00C04F79EFBC}") = "Unity.TextMeshPro.Editor", "Unity.TextMeshPro.Editor.csproj", "{b74d6252-ac73-cfae-f3c1-435b1a8f70b8}"
EndProject
Project("{FAE04EC0-301F-11D3-BF4B-00C04F79EFBC}") = "Unity.Timeline.Editor", "Unity.Timeline.Editor.csproj", "{db09b6b0-de65-ea0a-fcb6-ea6fd404e14a}"
EndProject
Project("{FAE04EC0-301F-11D3-BF4B-00C04F79EFBC}") = "Unity.PlasticSCM.Editor", "Unity.PlasticSCM.Editor.csproj", "{46ea198f-33d9-fa56-53df-3d028b86a7a9}"
EndProject
Project("{FAE04EC0-301F-11D3-BF4B-00C04F79EFBC}") = "UnityEditor.UI", "UnityEditor.UI.csproj", "{8b3eac2c-fb45-a2e6-9d3d-c268c5533ff6}"
EndProject
Project("{FAE04EC0-301F-11D3-BF4B-00C04F79EFBC}") = "Unity.Rider.Editor", "Unity.Rider.Editor.csproj", "{906f3147-c801-06d4-c853-6d53a0640036}"
EndProject
Project("{FAE04EC0-301F-11D3-BF4B-00C04F79EFBC}") = "Unity.CollabProxy.Editor", "Unity.CollabProxy.Editor.csproj", "{426a0ebf-304d-eb31-1304-198bcf35a8a2}"
EndProject
Project("{FAE04EC0-301F-11D3-BF4B-00C04F79EFBC}") = "Unity.VSCode.Editor", "Unity.VSCode.Editor.csproj", "{63f592e7-67b8-9e12-2e0d-9e4bc37de441}"
EndProject
Project("{FAE04EC0-301F-11D3-BF4B-00C04F79EFBC}") = "Unity.2D.Sprite.Editor", "Unity.2D.Sprite.Editor.csproj", "{4c4125fa-8f28-b05a-04db-ae55c1cf9296}"
EndProject
Global
	GlobalSection(SolutionConfigurationPlatforms) = preSolution
		Debug|Any CPU = Debug|Any CPU
	EndGlobalSection
	GlobalSection(ProjectConfigurationPlatforms) = postSolution
		{0872b748-07e8-c7da-3aa5-11e3c138d508}.Debug|Any CPU.ActiveCfg = Debug|Any CPU
		{0872b748-07e8-c7da-3aa5-11e3c138d508}.Debug|Any CPU.Build.0 = Debug|Any CPU
		{553a1101-e430-4a7a-d403-4ed6f3e94590}.Debug|Any CPU.ActiveCfg = Debug|Any CPU
		{553a1101-e430-4a7a-d403-4ed6f3e94590}.Debug|Any CPU.Build.0 = Debug|Any CPU
		{69de54c8-9b60-bcdb-591b-05aae35442cc}.Debug|Any CPU.ActiveCfg = Debug|Any CPU
		{69de54c8-9b60-bcdb-591b-05aae35442cc}.Debug|Any CPU.Build.0 = Debug|Any CPU
		{556f514d-358b-402e-b1df-8cc6fb78fd83}.Debug|Any CPU.ActiveCfg = Debug|Any CPU
		{556f514d-358b-402e-b1df-8cc6fb78fd83}.Debug|Any CPU.Build.0 = Debug|Any CPU
		{0f4eeb36-4bc8-f3b6-fed2-2f57eb715b9f}.Debug|Any CPU.ActiveCfg = Debug|Any CPU
		{0f4eeb36-4bc8-f3b6-fed2-2f57eb715b9f}.Debug|Any CPU.Build.0 = Debug|Any CPU
		{763fecea-e84c-3137-05b0-dfb2f085cbb0}.Debug|Any CPU.ActiveCfg = Debug|Any CPU
		{763fecea-e84c-3137-05b0-dfb2f085cbb0}.Debug|Any CPU.Build.0 = Debug|Any CPU
		{bf929645-f647-924e-3ec6-8ee7a570a1e5}.Debug|Any CPU.ActiveCfg = Debug|Any CPU
		{bf929645-f647-924e-3ec6-8ee7a570a1e5}.Debug|Any CPU.Build.0 = Debug|Any CPU
		{b74d6252-ac73-cfae-f3c1-435b1a8f70b8}.Debug|Any CPU.ActiveCfg = Debug|Any CPU
		{b74d6252-ac73-cfae-f3c1-435b1a8f70b8}.Debug|Any CPU.Build.0 = Debug|Any CPU
		{db09b6b0-de65-ea0a-fcb6-ea6fd404e14a}.Debug|Any CPU.ActiveCfg = Debug|Any CPU
		{db09b6b0-de65-ea0a-fcb6-ea6fd404e14a}.Debug|Any CPU.Build.0 = Debug|Any CPU
		{46ea198f-33d9-fa56-53df-3d028b86a7a9}.Debug|Any CPU.ActiveCfg = Debug|Any CPU
		{46ea198f-33d9-fa56-53df-3d028b86a7a9}.Debug|Any CPU.Build.0 = Debug|Any CPU
		{8b3eac2c-fb45-a2e6-9d3d-c268c5533ff6}.Debug|Any CPU.ActiveCfg = Debug|Any CPU
		{8b3eac2c-fb45-a2e6-9d3d-c268c5533ff6}.Debug|Any CPU.Build.0 = Debug|Any CPU
		{906f3147-c801-06d4-c853-6d53a0640036}.Debug|Any CPU.ActiveCfg = Debug|Any CPU
		{906f3147-c801-06d4-c853-6d53a0640036}.Debug|Any CPU.Build.0 = Debug|Any CPU
		{426a0ebf-304d-eb31-1304-198bcf35a8a2}.Debug|Any CPU.ActiveCfg = Debug|Any CPU
		{426a0ebf-304d-eb31-1304-198bcf35a8a2}.Debug|Any CPU.Build.0 = Debug|Any CPU
		{63f592e7-67b8-9e12-2e0d-9e4bc37de441}.Debug|Any CPU.ActiveCfg = Debug|Any CPU
		{63f592e7-67b8-9e12-2e0d-9e4bc37de441}.Debug|Any CPU.Build.0 = Debug|Any CPU
		{4c4125fa-8f28-b05a-04db-ae55c1cf9296}.Debug|Any CPU.ActiveCfg = Debug|Any CPU
		{4c4125fa-8f28-b05a-04db-ae55c1cf9296}.Debug|Any CPU.Build.0 = Debug|Any CPU
	EndGlobalSection
	GlobalSection(SolutionProperties) = preSolution
		HideSolutionNode = FALSE
	EndGlobalSection
EndGlobal
